
Microsoft Visual Studio Solution File, Format Version 12.00
# Visual Studio Version 16
VisualStudioVersion = 16.0.30406.217
MinimumVisualStudioVersion = 10.0.40219.1
Project("{9A19103F-16F7-4668-BE54-9A1E7A4F7556}") = "APIES", "APIES\APIES.csproj", "{D1C5CADA-A75A-45CD-B423-43F87FA78231}"
EndProject
Global
	GlobalSection(SolutionConfigurationPlatforms) = preSolution
		Debug|Any CPU = Debug|Any CPU
		Release|Any CPU = Release|Any CPU
	EndGlobalSection
	GlobalSection(ProjectConfigurationPlatforms) = postSolution
		{D1C5CADA-A75A-45CD-B423-43F87FA78231}.Debug|Any CPU.ActiveCfg = Debug|Any CPU
		{D1C5CADA-A75A-45CD-B423-43F87FA78231}.Debug|Any CPU.Build.0 = Debug|Any CPU
		{D1C5CADA-A75A-45CD-B423-43F87FA78231}.Release|Any CPU.ActiveCfg = Release|Any CPU
		{D1C5CADA-A75A-45CD-B423-43F87FA78231}.Release|Any CPU.Build.0 = Release|Any CPU
	EndGlobalSection
	GlobalSection(SolutionProperties) = preSolution
		HideSolutionNode = FALSE
	EndGlobalSection
	GlobalSection(ExtensibilityGlobals) = postSolution
		SolutionGuid = {177359C1-39DA-4A71-BD77-B08A68C1EADC}
	EndGlobalSection
EndGlobal
